// !$*UTF8*$!
{
	archiveVersion = 1;
	classes = {
	};
	objectVersion = 46;
	objects = {

/* Begin PBXBuildFile section */
		1B6E728214A097030093563A /* Cocoa.framework in Frameworks */ = {isa = PBXBuildFile; fileRef = 1B6E728114A097030093563A /* Cocoa.framework */; };
		1B6E728E14A097030093563A /* main.cpp in Sources */ = {isa = PBXBuildFile; fileRef = 1B6E728D14A097030093563A /* main.cpp */; };
		1B6E72A114A097660093563A /* OpenGL.framework in Frameworks */ = {isa = PBXBuildFile; fileRef = 1B6E72A014A097660093563A /* OpenGL.framework */; };
		1B6E72AC14A098180093563A /* Gepeto.cpp in Sources */ = {isa = PBXBuildFile; fileRef = 1B6E72AA14A098180093563A /* Gepeto.cpp */; };
		1B6E72B114A098230093563A /* Render.cpp in Sources */ = {isa = PBXBuildFile; fileRef = 1B6E72AD14A098230093563A /* Render.cpp */; };
		1B6E72B214A098230093563A /* WindowManager.cpp in Sources */ = {isa = PBXBuildFile; fileRef = 1B6E72AE14A098230093563A /* WindowManager.cpp */; };
		1B6E72BA14A1730A0093563A /* ResourceManager.cpp in Sources */ = {isa = PBXBuildFile; fileRef = 1B6E72B914A1730A0093563A /* ResourceManager.cpp */; };
		1B6E72BC14A176210093563A /* CHANGELOG in Resources */ = {isa = PBXBuildFile; fileRef = 1B6E72BB14A176210093563A /* CHANGELOG */; };
		1B6E72BE14A1768B0093563A /* README.markdown in Resources */ = {isa = PBXBuildFile; fileRef = 1B6E72BD14A1768B0093563A /* README.markdown */; };
		1B6E72C014A178870093563A /* Core.cpp in Sources */ = {isa = PBXBuildFile; fileRef = 1B6E72BF14A178860093563A /* Core.cpp */; };
		7266580015AA0186000BE0D4 /* Game.cpp in Sources */ = {isa = PBXBuildFile; fileRef = 726657FF15AA0186000BE0D4 /* Game.cpp */; };
		72A37E2315AB02F100A9FBB8 /* tinyxml2.cpp in Sources */ = {isa = PBXBuildFile; fileRef = 72A37E2115AB01BF00A9FBB8 /* tinyxml2.cpp */; };
		72A37E2715AB1FDF00A9FBB8 /* GLFWAdapter.cpp in Sources */ = {isa = PBXBuildFile; fileRef = 72A37E2415AB1FDF00A9FBB8 /* GLFWAdapter.cpp */; };
		72ABCE9915AE66DD00E9C0F9 /* ColladaLoader.cpp in Sources */ = {isa = PBXBuildFile; fileRef = 72ABCE9815AE66DD00E9C0F9 /* ColladaLoader.cpp */; };
		72F0D86315AFAC42009235B7 /* GLUT.framework in Frameworks */ = {isa = PBXBuildFile; fileRef = 72F0D86215AFAC42009235B7 /* GLUT.framework */; };
		72FD035715A7DEFA0039FA4C /* libglfw.a in Frameworks */ = {isa = PBXBuildFile; fileRef = 72FD035615A7DEFA0039FA4C /* libglfw.a */; };
		72FD035D15A9D2640039FA4C /* Camera.cpp in Sources */ = {isa = PBXBuildFile; fileRef = 72FD035B15A9D2630039FA4C /* Camera.cpp */; };
/* End PBXBuildFile section */

/* Begin PBXFileReference section */
		1B6E727D14A097030093563A /* gepeto.app */ = {isa = PBXFileReference; explicitFileType = wrapper.application; includeInIndex = 0; path = gepeto.app; sourceTree = BUILT_PRODUCTS_DIR; };
		1B6E728114A097030093563A /* Cocoa.framework */ = {isa = PBXFileReference; lastKnownFileType = wrapper.framework; name = Cocoa.framework; path = System/Library/Frameworks/Cocoa.framework; sourceTree = SDKROOT; };
		1B6E728414A097030093563A /* AppKit.framework */ = {isa = PBXFileReference; lastKnownFileType = wrapper.framework; name = AppKit.framework; path = System/Library/Frameworks/AppKit.framework; sourceTree = SDKROOT; };
		1B6E728514A097030093563A /* CoreData.framework */ = {isa = PBXFileReference; lastKnownFileType = wrapper.framework; name = CoreData.framework; path = System/Library/Frameworks/CoreData.framework; sourceTree = SDKROOT; };
		1B6E728614A097030093563A /* Foundation.framework */ = {isa = PBXFileReference; lastKnownFileType = wrapper.framework; name = Foundation.framework; path = System/Library/Frameworks/Foundation.framework; sourceTree = SDKROOT; };
		1B6E728914A097030093563A /* gepeto-Info.plist */ = {isa = PBXFileReference; lastKnownFileType = text.plist.xml; path = "gepeto-Info.plist"; sourceTree = "<group>"; };
		1B6E728D14A097030093563A /* main.cpp */ = {isa = PBXFileReference; lastKnownFileType = sourcecode.cpp.cpp; path = main.cpp; sourceTree = "<group>"; };
		1B6E72A014A097660093563A /* OpenGL.framework */ = {isa = PBXFileReference; lastKnownFileType = wrapper.framework; name = OpenGL.framework; path = System/Library/Frameworks/OpenGL.framework; sourceTree = SDKROOT; };
		1B6E72AA14A098180093563A /* Gepeto.cpp */ = {isa = PBXFileReference; fileEncoding = 4; lastKnownFileType = sourcecode.cpp.cpp; path = Gepeto.cpp; sourceTree = "<group>"; };
		1B6E72AB14A098180093563A /* Gepeto.h */ = {isa = PBXFileReference; fileEncoding = 4; lastKnownFileType = sourcecode.c.h; path = Gepeto.h; sourceTree = "<group>"; };
		1B6E72AD14A098230093563A /* Render.cpp */ = {isa = PBXFileReference; fileEncoding = 4; lastKnownFileType = sourcecode.cpp.cpp; path = Render.cpp; sourceTree = "<group>"; };
		1B6E72AE14A098230093563A /* WindowManager.cpp */ = {isa = PBXFileReference; fileEncoding = 4; lastKnownFileType = sourcecode.cpp.cpp; path = WindowManager.cpp; sourceTree = "<group>"; };
		1B6E72AF14A098230093563A /* Render.h */ = {isa = PBXFileReference; fileEncoding = 4; lastKnownFileType = sourcecode.c.h; path = Render.h; sourceTree = "<group>"; };
		1B6E72B014A098230093563A /* WindowManager.h */ = {isa = PBXFileReference; fileEncoding = 4; lastKnownFileType = sourcecode.c.h; path = WindowManager.h; sourceTree = "<group>"; };
		1B6E72B714A15A570093563A /* Core.h */ = {isa = PBXFileReference; fileEncoding = 4; lastKnownFileType = sourcecode.c.h; path = Core.h; sourceTree = "<group>"; };
		1B6E72B814A172420093563A /* ResourceManager.h */ = {isa = PBXFileReference; fileEncoding = 4; lastKnownFileType = sourcecode.c.h; path = ResourceManager.h; sourceTree = "<group>"; };
		1B6E72B914A1730A0093563A /* ResourceManager.cpp */ = {isa = PBXFileReference; fileEncoding = 4; lastKnownFileType = sourcecode.cpp.cpp; path = ResourceManager.cpp; sourceTree = "<group>"; };
		1B6E72BB14A176210093563A /* CHANGELOG */ = {isa = PBXFileReference; fileEncoding = 4; lastKnownFileType = text; path = CHANGELOG; sourceTree = "<group>"; };
		1B6E72BD14A1768B0093563A /* README.markdown */ = {isa = PBXFileReference; fileEncoding = 4; lastKnownFileType = text; path = README.markdown; sourceTree = "<group>"; };
		1B6E72BF14A178860093563A /* Core.cpp */ = {isa = PBXFileReference; fileEncoding = 4; lastKnownFileType = sourcecode.cpp.cpp; path = Core.cpp; sourceTree = "<group>"; };
		1B6E72C114A1797C0093563A /* gepeto-Prefix.pch */ = {isa = PBXFileReference; fileEncoding = 4; lastKnownFileType = sourcecode.c.h; path = "gepeto-Prefix.pch"; sourceTree = "<group>"; };
		726657FF15AA0186000BE0D4 /* Game.cpp */ = {isa = PBXFileReference; fileEncoding = 4; lastKnownFileType = sourcecode.cpp.cpp; path = Game.cpp; sourceTree = "<group>"; };
		7266580215AA09E5000BE0D4 /* Util.h */ = {isa = PBXFileReference; lastKnownFileType = sourcecode.c.h; path = Util.h; sourceTree = "<group>"; };
		7266580615AA0AB3000BE0D4 /* UtilAdapter.h */ = {isa = PBXFileReference; lastKnownFileType = sourcecode.c.h; name = UtilAdapter.h; path = sys/macos/UtilAdapter.h; sourceTree = "<group>"; };
		72A37E2115AB01BF00A9FBB8 /* tinyxml2.cpp */ = {isa = PBXFileReference; lastKnownFileType = sourcecode.cpp.cpp; path = tinyxml2.cpp; sourceTree = "<group>"; };
		72A37E2215AB01BF00A9FBB8 /* tinyxml2.h */ = {isa = PBXFileReference; lastKnownFileType = sourcecode.c.h; path = tinyxml2.h; sourceTree = "<group>"; };
		72A37E2415AB1FDF00A9FBB8 /* GLFWAdapter.cpp */ = {isa = PBXFileReference; fileEncoding = 4; lastKnownFileType = sourcecode.cpp.cpp; name = GLFWAdapter.cpp; path = adapters/GLFWAdapter.cpp; sourceTree = "<group>"; };
		72A37E2515AB1FDF00A9FBB8 /* GLFWAdapter.h */ = {isa = PBXFileReference; fileEncoding = 4; lastKnownFileType = sourcecode.c.h; name = GLFWAdapter.h; path = adapters/GLFWAdapter.h; sourceTree = "<group>"; };
		72A37E2615AB1FDF00A9FBB8 /* WindowManagerAdapter.h */ = {isa = PBXFileReference; fileEncoding = 4; lastKnownFileType = sourcecode.c.h; name = WindowManagerAdapter.h; path = adapters/WindowManagerAdapter.h; sourceTree = "<group>"; };
		72ABCE9715AE642600E9C0F9 /* ColladaLoader.h */ = {isa = PBXFileReference; lastKnownFileType = sourcecode.c.h; path = ColladaLoader.h; sourceTree = "<group>"; };
		72ABCE9815AE66DD00E9C0F9 /* ColladaLoader.cpp */ = {isa = PBXFileReference; fileEncoding = 4; lastKnownFileType = sourcecode.cpp.cpp; path = ColladaLoader.cpp; sourceTree = "<group>"; };
		72F0D86215AFAC42009235B7 /* GLUT.framework */ = {isa = PBXFileReference; lastKnownFileType = wrapper.framework; name = GLUT.framework; path = System/Library/Frameworks/GLUT.framework; sourceTree = SDKROOT; };
		72FD035515A7DEFA0039FA4C /* glfw.h */ = {isa = PBXFileReference; fileEncoding = 4; lastKnownFileType = sourcecode.c.h; path = glfw.h; sourceTree = "<group>"; };
		72FD035615A7DEFA0039FA4C /* libglfw.a */ = {isa = PBXFileReference; lastKnownFileType = archive.ar; path = libglfw.a; sourceTree = "<group>"; };
		72FD035B15A9D2630039FA4C /* Camera.cpp */ = {isa = PBXFileReference; fileEncoding = 4; lastKnownFileType = sourcecode.cpp.cpp; path = Camera.cpp; sourceTree = "<group>"; };
		72FD035C15A9D2640039FA4C /* Camera.h */ = {isa = PBXFileReference; fileEncoding = 4; lastKnownFileType = sourcecode.c.h; path = Camera.h; sourceTree = "<group>"; };
		72FD036215A9EF910039FA4C /* Game.h */ = {isa = PBXFileReference; lastKnownFileType = sourcecode.c.h; path = Game.h; sourceTree = "<group>"; };
/* End PBXFileReference section */

/* Begin PBXFrameworksBuildPhase section */
		1B6E727A14A097030093563A /* Frameworks */ = {
			isa = PBXFrameworksBuildPhase;
			buildActionMask = 2147483647;
			files = (
				72F0D86315AFAC42009235B7 /* GLUT.framework in Frameworks */,
				1B6E72A114A097660093563A /* OpenGL.framework in Frameworks */,
				1B6E728214A097030093563A /* Cocoa.framework in Frameworks */,
				72FD035715A7DEFA0039FA4C /* libglfw.a in Frameworks */,
			);
			runOnlyForDeploymentPostprocessing = 0;
		};
/* End PBXFrameworksBuildPhase section */

/* Begin PBXGroup section */
		1B6E727214A097030093563A = {
			isa = PBXGroup;
			children = (
				1B6E728714A097030093563A /* gepeto */,
				1B6E728014A097030093563A /* Frameworks */,
				1B6E727E14A097030093563A /* Products */,
			);
			sourceTree = "<group>";
		};
		1B6E727E14A097030093563A /* Products */ = {
			isa = PBXGroup;
			children = (
				1B6E727D14A097030093563A /* gepeto.app */,
			);
			name = Products;
			sourceTree = "<group>";
		};
		1B6E728014A097030093563A /* Frameworks */ = {
			isa = PBXGroup;
			children = (
				72F0D86215AFAC42009235B7 /* GLUT.framework */,
				1B6E72A014A097660093563A /* OpenGL.framework */,
				1B6E728114A097030093563A /* Cocoa.framework */,
				1B6E728314A097030093563A /* Other Frameworks */,
			);
			name = Frameworks;
			sourceTree = "<group>";
		};
		1B6E728314A097030093563A /* Other Frameworks */ = {
			isa = PBXGroup;
			children = (
				1B6E728414A097030093563A /* AppKit.framework */,
				1B6E728514A097030093563A /* CoreData.framework */,
				1B6E728614A097030093563A /* Foundation.framework */,
			);
			name = "Other Frameworks";
			sourceTree = "<group>";
		};
		1B6E728714A097030093563A /* gepeto */ = {
			isa = PBXGroup;
			children = (
				726657FB15A9FDC2000BE0D4 /* game */,
				72FD034915A7DAC00039FA4C /* libs */,
				1B6E72A214A097C10093563A /* gp */,
				1B6E728814A097030093563A /* Supporting Files */,
			);
			path = gepeto;
			sourceTree = "<group>";
		};
		1B6E728814A097030093563A /* Supporting Files */ = {
			isa = PBXGroup;
			children = (
				1B6E72C114A1797C0093563A /* gepeto-Prefix.pch */,
				1B6E728914A097030093563A /* gepeto-Info.plist */,
				1B6E728D14A097030093563A /* main.cpp */,
				1B6E72BB14A176210093563A /* CHANGELOG */,
				1B6E72BD14A1768B0093563A /* README.markdown */,
			);
			name = "Supporting Files";
			sourceTree = "<group>";
		};
		1B6E72A214A097C10093563A /* gp */ = {
			isa = PBXGroup;
			children = (
				72ABCE9415AE63E900E9C0F9 /* loader */,
				7266580115AA09CC000BE0D4 /* utils */,
				72FD035B15A9D2630039FA4C /* Camera.cpp */,
				72FD035C15A9D2640039FA4C /* Camera.h */,
				1B6E72AA14A098180093563A /* Gepeto.cpp */,
				1B6E72AB14A098180093563A /* Gepeto.h */,
				1B6E72A314A097C10093563A /* assets */,
				1B6E72A414A097C10093563A /* render */,
				1B6E72B714A15A570093563A /* Core.h */,
				1B6E72BF14A178860093563A /* Core.cpp */,
				1B6E72B814A172420093563A /* ResourceManager.h */,
				1B6E72B914A1730A0093563A /* ResourceManager.cpp */,
			);
			path = gp;
			sourceTree = "<group>";
		};
		1B6E72A314A097C10093563A /* assets */ = {
			isa = PBXGroup;
			children = (
			);
			path = assets;
			sourceTree = "<group>";
		};
		1B6E72A414A097C10093563A /* render */ = {
			isa = PBXGroup;
			children = (
				72FD033C15A72AAD0039FA4C /* adapters */,
				1B6E72B014A098230093563A /* WindowManager.h */,
				1B6E72AE14A098230093563A /* WindowManager.cpp */,
				1B6E72AF14A098230093563A /* Render.h */,
				1B6E72AD14A098230093563A /* Render.cpp */,
			);
			path = render;
			sourceTree = "<group>";
		};
		726657FB15A9FDC2000BE0D4 /* game */ = {
			isa = PBXGroup;
			children = (
				726657FF15AA0186000BE0D4 /* Game.cpp */,
				72FD036215A9EF910039FA4C /* Game.h */,
			);
			name = game;
			sourceTree = "<group>";
		};
		7266580115AA09CC000BE0D4 /* utils */ = {
			isa = PBXGroup;
			children = (
				7266580415AA0A7D000BE0D4 /* adapter */,
				7266580215AA09E5000BE0D4 /* Util.h */,
			);
			name = utils;
			sourceTree = "<group>";
		};
		7266580415AA0A7D000BE0D4 /* adapter */ = {
			isa = PBXGroup;
			children = (
				7266580815AA0E83000BE0D4 /* win */,
				7266580715AA0E79000BE0D4 /* macos */,
			);
			name = adapter;
			sourceTree = "<group>";
		};
		7266580715AA0E79000BE0D4 /* macos */ = {
			isa = PBXGroup;
			children = (
				7266580615AA0AB3000BE0D4 /* UtilAdapter.h */,
			);
			name = macos;
			sourceTree = "<group>";
		};
		7266580815AA0E83000BE0D4 /* win */ = {
			isa = PBXGroup;
			children = (
			);
			name = win;
			sourceTree = "<group>";
		};
		72ABCE9415AE63E900E9C0F9 /* loader */ = {
			isa = PBXGroup;
			children = (
				72ABCE9615AE641800E9C0F9 /* collada */,
			);
			path = loader;
			sourceTree = "<group>";
		};
		72ABCE9615AE641800E9C0F9 /* collada */ = {
			isa = PBXGroup;
			children = (
				72ABCE9715AE642600E9C0F9 /* ColladaLoader.h */,
				72ABCE9815AE66DD00E9C0F9 /* ColladaLoader.cpp */,
			);
			path = collada;
			sourceTree = "<group>";
		};
		72FD033C15A72AAD0039FA4C /* adapters */ = {
			isa = PBXGroup;
			children = (
				72A37E2415AB1FDF00A9FBB8 /* GLFWAdapter.cpp */,
				72A37E2515AB1FDF00A9FBB8 /* GLFWAdapter.h */,
				72A37E2615AB1FDF00A9FBB8 /* WindowManagerAdapter.h */,
			);
			name = adapters;
			sourceTree = "<group>";
		};
		72FD034915A7DAC00039FA4C /* libs */ = {
			isa = PBXGroup;
			children = (
				72A37E2115AB01BF00A9FBB8 /* tinyxml2.cpp */,
				72A37E2215AB01BF00A9FBB8 /* tinyxml2.h */,
				72FD035515A7DEFA0039FA4C /* glfw.h */,
				72FD035615A7DEFA0039FA4C /* libglfw.a */,
			);
			path = libs;
			sourceTree = "<group>";
		};
/* End PBXGroup section */

/* Begin PBXNativeTarget section */
		1B6E727C14A097030093563A /* gepeto */ = {
			isa = PBXNativeTarget;
			buildConfigurationList = 1B6E729B14A097040093563A /* Build configuration list for PBXNativeTarget "gepeto" */;
			buildPhases = (
				1B6E727914A097030093563A /* Sources */,
				1B6E727A14A097030093563A /* Frameworks */,
				1B6E727B14A097030093563A /* Resources */,
			);
			buildRules = (
			);
			dependencies = (
			);
			name = gepeto;
			productName = gepeto;
			productReference = 1B6E727D14A097030093563A /* gepeto.app */;
			productType = "com.apple.product-type.application";
		};
/* End PBXNativeTarget section */

/* Begin PBXProject section */
		1B6E727414A097030093563A /* Project object */ = {
			isa = PBXProject;
			attributes = {
				LastUpgradeCheck = 0420;
			};
			buildConfigurationList = 1B6E727714A097030093563A /* Build configuration list for PBXProject "gepeto" */;
			compatibilityVersion = "Xcode 3.2";
			developmentRegion = English;
			hasScannedForEncodings = 0;
			knownRegions = (
				en,
			);
			mainGroup = 1B6E727214A097030093563A;
			productRefGroup = 1B6E727E14A097030093563A /* Products */;
			projectDirPath = "";
			projectRoot = "";
			targets = (
				1B6E727C14A097030093563A /* gepeto */,
			);
		};
/* End PBXProject section */

/* Begin PBXResourcesBuildPhase section */
		1B6E727B14A097030093563A /* Resources */ = {
			isa = PBXResourcesBuildPhase;
			buildActionMask = 2147483647;
			files = (
				1B6E72BC14A176210093563A /* CHANGELOG in Resources */,
				1B6E72BE14A1768B0093563A /* README.markdown in Resources */,
			);
			runOnlyForDeploymentPostprocessing = 0;
		};
/* End PBXResourcesBuildPhase section */

/* Begin PBXSourcesBuildPhase section */
		1B6E727914A097030093563A /* Sources */ = {
			isa = PBXSourcesBuildPhase;
			buildActionMask = 2147483647;
			files = (
				72A37E2315AB02F100A9FBB8 /* tinyxml2.cpp in Sources */,
				1B6E728E14A097030093563A /* main.cpp in Sources */,
				1B6E72AC14A098180093563A /* Gepeto.cpp in Sources */,
				72ABCE9915AE66DD00E9C0F9 /* ColladaLoader.cpp in Sources */,
				1B6E72B114A098230093563A /* Render.cpp in Sources */,
				1B6E72B214A098230093563A /* WindowManager.cpp in Sources */,
				1B6E72BA14A1730A0093563A /* ResourceManager.cpp in Sources */,
				1B6E72C014A178870093563A /* Core.cpp in Sources */,
				72FD035D15A9D2640039FA4C /* Camera.cpp in Sources */,
				7266580015AA0186000BE0D4 /* Game.cpp in Sources */,
				72A37E2715AB1FDF00A9FBB8 /* GLFWAdapter.cpp in Sources */,
			);
			runOnlyForDeploymentPostprocessing = 0;
		};
/* End PBXSourcesBuildPhase section */

/* Begin XCBuildConfiguration section */
		1B6E729914A097040093563A /* Debug */ = {
			isa = XCBuildConfiguration;
			buildSettings = {
				ALWAYS_SEARCH_USER_PATHS = NO;
				ARCHS = "$(ARCHS_STANDARD_64_BIT)";
				COPY_PHASE_STRIP = NO;
				GCC_C_LANGUAGE_STANDARD = gnu99;
				GCC_DYNAMIC_NO_PIC = NO;
				GCC_ENABLE_OBJC_EXCEPTIONS = YES;
				GCC_OPTIMIZATION_LEVEL = 0;
				GCC_PREPROCESSOR_DEFINITIONS = (
					"DEBUG=1",
					"$(inherited)",
				);
				GCC_SYMBOLS_PRIVATE_EXTERN = NO;
				GCC_VERSION = com.apple.compilers.llvm.clang.1_0;
				GCC_WARN_64_TO_32_BIT_CONVERSION = YES;
				GCC_WARN_ABOUT_MISSING_PROTOTYPES = YES;
				GCC_WARN_ABOUT_RETURN_TYPE = YES;
				GCC_WARN_UNUSED_VARIABLE = YES;
				LIBRARY_SEARCH_PATHS = "";
				MACOSX_DEPLOYMENT_TARGET = 10.7;
				ONLY_ACTIVE_ARCH = YES;
				SDKROOT = macosx;
			};
			name = Debug;
		};
		1B6E729A14A097040093563A /* Release */ = {
			isa = XCBuildConfiguration;
			buildSettings = {
				ALWAYS_SEARCH_USER_PATHS = NO;
				ARCHS = "$(ARCHS_STANDARD_64_BIT)";
				COPY_PHASE_STRIP = YES;
				DEBUG_INFORMATION_FORMAT = "dwarf-with-dsym";
				GCC_C_LANGUAGE_STANDARD = gnu99;
				GCC_ENABLE_OBJC_EXCEPTIONS = YES;
				GCC_VERSION = com.apple.compilers.llvm.clang.1_0;
				GCC_WARN_64_TO_32_BIT_CONVERSION = YES;
				GCC_WARN_ABOUT_MISSING_PROTOTYPES = YES;
				GCC_WARN_ABOUT_RETURN_TYPE = YES;
				GCC_WARN_UNUSED_VARIABLE = YES;
				LIBRARY_SEARCH_PATHS = "";
				MACOSX_DEPLOYMENT_TARGET = 10.7;
				SDKROOT = macosx;
			};
			name = Release;
		};
		1B6E729C14A097040093563A /* Debug */ = {
			isa = XCBuildConfiguration;
			buildSettings = {
				GCC_PRECOMPILE_PREFIX_HEADER = YES;
				GCC_PREFIX_HEADER = "gepeto/gepeto-Prefix.pch";
				HEADER_SEARCH_PATHS = "\"$(SRCROOT)/gepeto/\"";
				INFOPLIST_FILE = "gepeto/gepeto-Info.plist";
				LIBRARY_SEARCH_PATHS = (
					"$(inherited)",
					"\"$(SRCROOT)/gepeto/libs/\"",
				);
				PRODUCT_NAME = "$(TARGET_NAME)";
				WRAPPER_EXTENSION = app;
			};
			name = Debug;
		};
		1B6E729D14A097040093563A /* Release */ = {
			isa = XCBuildConfiguration;
			buildSettings = {
				GCC_PRECOMPILE_PREFIX_HEADER = YES;
				GCC_PREFIX_HEADER = "gepeto/gepeto-Prefix.pch";
				HEADER_SEARCH_PATHS = "\"$(SRCROOT)/gepeto/\"";
				INFOPLIST_FILE = "gepeto/gepeto-Info.plist";
				LIBRARY_SEARCH_PATHS = (
					"$(inherited)",
					"\"$(SRCROOT)/gepeto/libs/\"",
				);
				PRODUCT_NAME = "$(TARGET_NAME)";
				WRAPPER_EXTENSION = app;
			};
			name = Release;
		};
/* End XCBuildConfiguration section */

/* Begin XCConfigurationList section */
		1B6E727714A097030093563A /* Build configuration list for PBXProject "gepeto" */ = {
			isa = XCConfigurationList;
			buildConfigurations = (
				1B6E729914A097040093563A /* Debug */,
				1B6E729A14A097040093563A /* Release */,
			);
			defaultConfigurationIsVisible = 0;
			defaultConfigurationName = Release;
		};
		1B6E729B14A097040093563A /* Build configuration list for PBXNativeTarget "gepeto" */ = {
			isa = XCConfigurationList;
			buildConfigurations = (
				1B6E729C14A097040093563A /* Debug */,
				1B6E729D14A097040093563A /* Release */,
			);
			defaultConfigurationIsVisible = 0;
			defaultConfigurationName = Release;
		};
/* End XCConfigurationList section */
	};
	rootObject = 1B6E727414A097030093563A /* Project object */;
}
